# This file is autogenerated, do not edit; changes may be undone by the next 'dep ensure'.


[[projects]]
  name = "github.com/BurntSushi/toml"
  packages = ["."]
  revision = "v0.1.0-18-g443a628"

[[projects]]
  branch = "master"
  name = "github.com/masahide/go-libGeoIP"
  packages = ["."]
  revision = "8ee2ba810972d7ca3a087a2e1709f6d3fe557ffb"

[[projects]]
  name = "github.com/pborman/uuid"
  packages = ["."]
  revision = "v1.0-23-ge790cca"

[[projects]]
  branch = "v2"
  name = "gopkg.in/yaml.v2"
  packages = ["."]
  revision = "3b4ad1db5b2a649883ff3782f5f9f6fb52be71af"

[solve-meta]
  analyzer-name = "dep"
  analyzer-version = 1
  inputs-digest = "e594cd751db29f51ba2bb54537c431318b153d887cb6a569f8cab72e8dcb4e60"
  solver-name = "gps-cdcl"
  solver-version = 1
